// !$*UTF8*$!
{
	archiveVersion = 1;
	classes = {
	};
	objectVersion = 46;
	objects = {

/* Begin PBXBuildFile section */
		815DD3321C7B623F0047DC24 /* AppDelegate.swift in Sources */ = {isa = PBXBuildFile; fileRef = 815DD3311C7B623F0047DC24 /* AppDelegate.swift */; };
		815DD3341C7B623F0047DC24 /* ViewController.swift in Sources */ = {isa = PBXBuildFile; fileRef = 815DD3331C7B623F0047DC24 /* ViewController.swift */; };
		815DD3371C7B623F0047DC24 /* Main.storyboard in Resources */ = {isa = PBXBuildFile; fileRef = 815DD3351C7B623F0047DC24 /* Main.storyboard */; };
		815DD33A1C7B623F0047DC24 /* TableOfElements.xcdatamodeld in Sources */ = {isa = PBXBuildFile; fileRef = 815DD3381C7B623F0047DC24 /* TableOfElements.xcdatamodeld */; };
		815DD33C1C7B623F0047DC24 /* Assets.xcassets in Resources */ = {isa = PBXBuildFile; fileRef = 815DD33B1C7B623F0047DC24 /* Assets.xcassets */; };
		815DD33F1C7B623F0047DC24 /* LaunchScreen.storyboard in Resources */ = {isa = PBXBuildFile; fileRef = 815DD33D1C7B623F0047DC24 /* LaunchScreen.storyboard */; };
		81946B711C87963000743AF2 /* AboutVIewController.swift in Sources */ = {isa = PBXBuildFile; fileRef = 81946B701C87963000743AF2 /* AboutVIewController.swift */; };
		81C4DF431C86670A00373B9E /* TableOfElementsController.swift in Sources */ = {isa = PBXBuildFile; fileRef = 81C4DF421C86670A00373B9E /* TableOfElementsController.swift */; };
		81C4DF461C86697A00373B9E /* periodicTable.json in Resources */ = {isa = PBXBuildFile; fileRef = 81C4DF451C86697A00373B9E /* periodicTable.json */; };
		81C4DF501C868CDA00373B9E /* ElementsCollectionViewCell.swift in Sources */ = {isa = PBXBuildFile; fileRef = 81C4DF4F1C868CDA00373B9E /* ElementsCollectionViewCell.swift */; };
		81C4DF561C86A52400373B9E /* SwiftyJSON.swift in Sources */ = {isa = PBXBuildFile; fileRef = 81C4DF551C86A52400373B9E /* SwiftyJSON.swift */; };
		81C4DF591C86B0DF00373B9E /* Extensions.swift in Sources */ = {isa = PBXBuildFile; fileRef = 81C4DF581C86B0DF00373B9E /* Extensions.swift */; };
		81EFAC361C86C5970041D27C /* DetailViewController.swift in Sources */ = {isa = PBXBuildFile; fileRef = 81EFAC351C86C5970041D27C /* DetailViewController.swift */; };
/* End PBXBuildFile section */

/* Begin PBXFileReference section */
		815DD32E1C7B623F0047DC24 /* TableOfElements.app */ = {isa = PBXFileReference; explicitFileType = wrapper.application; includeInIndex = 0; path = TableOfElements.app; sourceTree = BUILT_PRODUCTS_DIR; };
		815DD3311C7B623F0047DC24 /* AppDelegate.swift */ = {isa = PBXFileReference; lastKnownFileType = sourcecode.swift; path = AppDelegate.swift; sourceTree = "<group>"; };
		815DD3331C7B623F0047DC24 /* ViewController.swift */ = {isa = PBXFileReference; lastKnownFileType = sourcecode.swift; path = ViewController.swift; sourceTree = "<group>"; };
		815DD3361C7B623F0047DC24 /* Base */ = {isa = PBXFileReference; lastKnownFileType = file.storyboard; name = Base; path = Base.lproj/Main.storyboard; sourceTree = "<group>"; };
		815DD3391C7B623F0047DC24 /* TableOfElements.xcdatamodel */ = {isa = PBXFileReference; lastKnownFileType = wrapper.xcdatamodel; path = TableOfElements.xcdatamodel; sourceTree = "<group>"; };
		815DD33B1C7B623F0047DC24 /* Assets.xcassets */ = {isa = PBXFileReference; lastKnownFileType = folder.assetcatalog; path = Assets.xcassets; sourceTree = "<group>"; };
		815DD33E1C7B623F0047DC24 /* Base */ = {isa = PBXFileReference; lastKnownFileType = file.storyboard; name = Base; path = Base.lproj/LaunchScreen.storyboard; sourceTree = "<group>"; };
		815DD3401C7B623F0047DC24 /* Info.plist */ = {isa = PBXFileReference; lastKnownFileType = text.plist.xml; path = Info.plist; sourceTree = "<group>"; };
		81946B701C87963000743AF2 /* AboutVIewController.swift */ = {isa = PBXFileReference; fileEncoding = 4; lastKnownFileType = sourcecode.swift; path = AboutVIewController.swift; sourceTree = "<group>"; };
		81C4DF421C86670A00373B9E /* TableOfElementsController.swift */ = {isa = PBXFileReference; fileEncoding = 4; lastKnownFileType = sourcecode.swift; path = TableOfElementsController.swift; sourceTree = "<group>"; };
		81C4DF451C86697A00373B9E /* periodicTable.json */ = {isa = PBXFileReference; fileEncoding = 4; lastKnownFileType = text.json; path = periodicTable.json; sourceTree = "<group>"; };
		81C4DF4F1C868CDA00373B9E /* ElementsCollectionViewCell.swift */ = {isa = PBXFileReference; fileEncoding = 4; lastKnownFileType = sourcecode.swift; path = ElementsCollectionViewCell.swift; sourceTree = "<group>"; };
		81C4DF551C86A52400373B9E /* SwiftyJSON.swift */ = {isa = PBXFileReference; fileEncoding = 4; lastKnownFileType = sourcecode.swift; path = SwiftyJSON.swift; sourceTree = "<group>"; };
		81C4DF581C86B0DF00373B9E /* Extensions.swift */ = {isa = PBXFileReference; fileEncoding = 4; lastKnownFileType = sourcecode.swift; path = Extensions.swift; sourceTree = "<group>"; };
		81EFAC351C86C5970041D27C /* DetailViewController.swift */ = {isa = PBXFileReference; fileEncoding = 4; lastKnownFileType = sourcecode.swift; path = DetailViewController.swift; sourceTree = "<group>"; };
/* End PBXFileReference section */

/* Begin PBXFrameworksBuildPhase section */
		815DD32B1C7B623F0047DC24 /* Frameworks */ = {
			isa = PBXFrameworksBuildPhase;
			buildActionMask = 2147483647;
			files = (
			);
			runOnlyForDeploymentPostprocessing = 0;
		};
/* End PBXFrameworksBuildPhase section */

/* Begin PBXGroup section */
		815DD3251C7B623F0047DC24 = {
			isa = PBXGroup;
			children = (
				815DD3301C7B623F0047DC24 /* TableOfElements */,
				815DD32F1C7B623F0047DC24 /* Products */,
			);
			sourceTree = "<group>";
		};
		815DD32F1C7B623F0047DC24 /* Products */ = {
			isa = PBXGroup;
			children = (
				815DD32E1C7B623F0047DC24 /* TableOfElements.app */,
			);
			name = Products;
			sourceTree = "<group>";
		};
		815DD3301C7B623F0047DC24 /* TableOfElements */ = {
			isa = PBXGroup;
			children = (
				81C4DF571C86B0D300373B9E /* Extensions */,
				81C4DF541C86A50800373B9E /* util */,
				81C4DF441C86696B00373B9E /* assets */,
				81C4DF411C8666DB00373B9E /* Controllers */,
				815DD3311C7B623F0047DC24 /* AppDelegate.swift */,
				815DD3331C7B623F0047DC24 /* ViewController.swift */,
				815DD3351C7B623F0047DC24 /* Main.storyboard */,
				815DD33B1C7B623F0047DC24 /* Assets.xcassets */,
				815DD33D1C7B623F0047DC24 /* LaunchScreen.storyboard */,
				815DD3401C7B623F0047DC24 /* Info.plist */,
				815DD3381C7B623F0047DC24 /* TableOfElements.xcdatamodeld */,
			);
			path = TableOfElements;
			sourceTree = "<group>";
		};
		81C4DF411C8666DB00373B9E /* Controllers */ = {
			isa = PBXGroup;
			children = (
				81C4DF421C86670A00373B9E /* TableOfElementsController.swift */,
				81C4DF4F1C868CDA00373B9E /* ElementsCollectionViewCell.swift */,
				81EFAC351C86C5970041D27C /* DetailViewController.swift */,
				81946B701C87963000743AF2 /* AboutVIewController.swift */,
			);
			name = Controllers;
			sourceTree = "<group>";
		};
		81C4DF441C86696B00373B9E /* assets */ = {
			isa = PBXGroup;
			children = (
				81C4DF451C86697A00373B9E /* periodicTable.json */,
			);
			name = assets;
			sourceTree = "<group>";
		};
		81C4DF541C86A50800373B9E /* util */ = {
			isa = PBXGroup;
			children = (
				81C4DF551C86A52400373B9E /* SwiftyJSON.swift */,
			);
			name = util;
			sourceTree = "<group>";
		};
		81C4DF571C86B0D300373B9E /* Extensions */ = {
			isa = PBXGroup;
			children = (
				81C4DF581C86B0DF00373B9E /* Extensions.swift */,
			);
			name = Extensions;
			sourceTree = "<group>";
		};
/* End PBXGroup section */

/* Begin PBXNativeTarget section */
		815DD32D1C7B623F0047DC24 /* TableOfElements */ = {
			isa = PBXNativeTarget;
			buildConfigurationList = 815DD3431C7B623F0047DC24 /* Build configuration list for PBXNativeTarget "TableOfElements" */;
			buildPhases = (
				815DD32A1C7B623F0047DC24 /* Sources */,
				815DD32B1C7B623F0047DC24 /* Frameworks */,
				815DD32C1C7B623F0047DC24 /* Resources */,
			);
			buildRules = (
			);
			dependencies = (
			);
			name = TableOfElements;
			productName = TableOfElements;
			productReference = 815DD32E1C7B623F0047DC24 /* TableOfElements.app */;
			productType = "com.apple.product-type.application";
		};
/* End PBXNativeTarget section */

/* Begin PBXProject section */
		815DD3261C7B623F0047DC24 /* Project object */ = {
			isa = PBXProject;
			attributes = {
				LastSwiftUpdateCheck = 0720;
				LastUpgradeCheck = 0720;
				ORGANIZATIONNAME = "Lance Matysik";
				TargetAttributes = {
					815DD32D1C7B623F0047DC24 = {
						CreatedOnToolsVersion = 7.2.1;
						DevelopmentTeam = 73A6RYQ7P7;
					};
				};
			};
			buildConfigurationList = 815DD3291C7B623F0047DC24 /* Build configuration list for PBXProject "TableOfElements" */;
			compatibilityVersion = "Xcode 3.2";
			developmentRegion = English;
			hasScannedForEncodings = 0;
			knownRegions = (
				en,
				Base,
			);
			mainGroup = 815DD3251C7B623F0047DC24;
			productRefGroup = 815DD32F1C7B623F0047DC24 /* Products */;
			projectDirPath = "";
			projectRoot = "";
			targets = (
				815DD32D1C7B623F0047DC24 /* TableOfElements */,
			);
		};
/* End PBXProject section */

/* Begin PBXResourcesBuildPhase section */
		815DD32C1C7B623F0047DC24 /* Resources */ = {
			isa = PBXResourcesBuildPhase;
			buildActionMask = 2147483647;
			files = (
				815DD33F1C7B623F0047DC24 /* LaunchScreen.storyboard in Resources */,
				81C4DF461C86697A00373B9E /* periodicTable.json in Resources */,
				815DD33C1C7B623F0047DC24 /* Assets.xcassets in Resources */,
				815DD3371C7B623F0047DC24 /* Main.storyboard in Resources */,
			);
			runOnlyForDeploymentPostprocessing = 0;
		};
/* End PBXResourcesBuildPhase section */

/* Begin PBXSourcesBuildPhase section */
		815DD32A1C7B623F0047DC24 /* Sources */ = {
			isa = PBXSourcesBuildPhase;
			buildActionMask = 2147483647;
			files = (
				81946B711C87963000743AF2 /* AboutVIewController.swift in Sources */,
				81C4DF501C868CDA00373B9E /* ElementsCollectionViewCell.swift in Sources */,
				815DD33A1C7B623F0047DC24 /* TableOfElements.xcdatamodeld in Sources */,
				815DD3341C7B623F0047DC24 /* ViewController.swift in Sources */,
				81C4DF561C86A52400373B9E /* SwiftyJSON.swift in Sources */,
				81C4DF431C86670A00373B9E /* TableOfElementsController.swift in Sources */,
				815DD3321C7B623F0047DC24 /* AppDelegate.swift in Sources */,
				81C4DF591C86B0DF00373B9E /* Extensions.swift in Sources */,
				81EFAC361C86C5970041D27C /* DetailViewController.swift in Sources */,
			);
			runOnlyForDeploymentPostprocessing = 0;
		};
/* End PBXSourcesBuildPhase section */

/* Begin PBXVariantGroup section */
		815DD3351C7B623F0047DC24 /* Main.storyboard */ = {
			isa = PBXVariantGroup;
			children = (
				815DD3361C7B623F0047DC24 /* Base */,
			);
			name = Main.storyboard;
			sourceTree = "<group>";
		};
		815DD33D1C7B623F0047DC24 /* LaunchScreen.storyboard */ = {
			isa = PBXVariantGroup;
			children = (
				815DD33E1C7B623F0047DC24 /* Base */,
			);
			name = LaunchScreen.storyboard;
			sourceTree = "<group>";
		};
/* End PBXVariantGroup section */

/* Begin XCBuildConfiguration section */
		815DD3411C7B623F0047DC24 /* Debug */ = {
			isa = XCBuildConfiguration;
			buildSettings = {
				ALWAYS_SEARCH_USER_PATHS = NO;
				CLANG_CXX_LANGUAGE_STANDARD = "gnu++0x";
				CLANG_CXX_LIBRARY = "libc++";
				CLANG_ENABLE_MODULES = YES;
				CLANG_ENABLE_OBJC_ARC = YES;
				CLANG_WARN_BOOL_CONVERSION = YES;
				CLANG_WARN_CONSTANT_CONVERSION = YES;
				CLANG_WARN_DIRECT_OBJC_ISA_USAGE = YES_ERROR;
				CLANG_WARN_EMPTY_BODY = YES;
				CLANG_WARN_ENUM_CONVERSION = YES;
				CLANG_WARN_INT_CONVERSION = YES;
				CLANG_WARN_OBJC_ROOT_CLASS = YES_ERROR;
				CLANG_WARN_UNREACHABLE_CODE = YES;
				CLANG_WARN__DUPLICATE_METHOD_MATCH = YES;
				"CODE_SIGN_IDENTITY[sdk=iphoneos*]" = "iPhone Developer";
				COPY_PHASE_STRIP = NO;
				DEBUG_INFORMATION_FORMAT = dwarf;
				ENABLE_STRICT_OBJC_MSGSEND = YES;
				ENABLE_TESTABILITY = YES;
				GCC_C_LANGUAGE_STANDARD = gnu99;
				GCC_DYNAMIC_NO_PIC = NO;
				GCC_NO_COMMON_BLOCKS = YES;
				GCC_OPTIMIZATION_LEVEL = 0;
				GCC_PREPROCESSOR_DEFINITIONS = (
					"DEBUG=1",
					"$(inherited)",
				);
				GCC_WARN_64_TO_32_BIT_CONVERSION = YES;
				GCC_WARN_ABOUT_RETURN_TYPE = YES_ERROR;
				GCC_WARN_UNDECLARED_SELECTOR = YES;
				GCC_WARN_UNINITIALIZED_AUTOS = YES_AGGRESSIVE;
				GCC_WARN_UNUSED_FUNCTION = YES;
				GCC_WARN_UNUSED_VARIABLE = YES;
				IPHONEOS_DEPLOYMENT_TARGET = 9.2;
				MTL_ENABLE_DEBUG_INFO = YES;
				ONLY_ACTIVE_ARCH = YES;
				SDKROOT = iphoneos;
				SWIFT_OPTIMIZATION_LEVEL = "-Onone";
				TARGETED_DEVICE_FAMILY = "1,2";
			};
			name = Debug;
		};
		815DD3421C7B623F0047DC24 /* Release */ = {
			isa = XCBuildConfiguration;
			buildSettings = {
				ALWAYS_SEARCH_USER_PATHS = NO;
				CLANG_CXX_LANGUAGE_STANDARD = "gnu++0x";
				CLANG_CXX_LIBRARY = "libc++";
				CLANG_ENABLE_MODULES = YES;
				CLANG_ENABLE_OBJC_ARC = YES;
				CLANG_WARN_BOOL_CONVERSION = YES;
				CLANG_WARN_CONSTANT_CONVERSION = YES;
				CLANG_WARN_DIRECT_OBJC_ISA_USAGE = YES_ERROR;
				CLANG_WARN_EMPTY_BODY = YES;
				CLANG_WARN_ENUM_CONVERSION = YES;
				CLANG_WARN_INT_CONVERSION = YES;
				CLANG_WARN_OBJC_ROOT_CLASS = YES_ERROR;
				CLANG_WARN_UNREACHABLE_CODE = YES;
				CLANG_WARN__DUPLICATE_METHOD_MATCH = YES;
				"CODE_SIGN_IDENTITY[sdk=iphoneos*]" = "iPhone Developer";
				COPY_PHASE_STRIP = NO;
				DEBUG_INFORMATION_FORMAT = "dwarf-with-dsym";
				ENABLE_NS_ASSERTIONS = NO;
				ENABLE_STRICT_OBJC_MSGSEND = YES;
				GCC_C_LANGUAGE_STANDARD = gnu99;
				GCC_NO_COMMON_BLOCKS = YES;
				GCC_WARN_64_TO_32_BIT_CONVERSION = YES;
				GCC_WARN_ABOUT_RETURN_TYPE = YES_ERROR;
				GCC_WARN_UNDECLARED_SELECTOR = YES;
				GCC_WARN_UNINITIALIZED_AUTOS = YES_AGGRESSIVE;
				GCC_WARN_UNUSED_FUNCTION = YES;
				GCC_WARN_UNUSED_VARIABLE = YES;
				IPHONEOS_DEPLOYMENT_TARGET = 9.2;
				MTL_ENABLE_DEBUG_INFO = NO;
				SDKROOT = iphoneos;
				TARGETED_DEVICE_FAMILY = "1,2";
				VALIDATE_PRODUCT = YES;
			};
			name = Release;
		};
		815DD3441C7B623F0047DC24 /* Debug */ = {
			isa = XCBuildConfiguration;
			buildSettings = {
				ASSETCATALOG_COMPILER_APPICON_NAME = AppIcon;
				CODE_SIGN_IDENTITY = "iPhone Developer";
				"CODE_SIGN_IDENTITY[sdk=iphoneos*]" = "iPhone Developer";
				INFOPLIST_FILE = TableOfElements/Info.plist;
				IPHONEOS_DEPLOYMENT_TARGET = 9.2;
				LD_RUNPATH_SEARCH_PATHS = "$(inherited) @executable_path/Frameworks";
				PRODUCT_BUNDLE_IDENTIFIER = edu.cvtc.ios.TableOfElements;
				PRODUCT_NAME = "$(TARGET_NAME)";
				PROVISIONING_PROFILE = "";
				TARGETED_DEVICE_FAMILY = 2;
			};
			name = Debug;
		};
		815DD3451C7B623F0047DC24 /* Release */ = {
			isa = XCBuildConfiguration;
			buildSettings = {
				ASSETCATALOG_COMPILER_APPICON_NAME = AppIcon;
				CODE_SIGN_IDENTITY = "iPhone Developer";
				"CODE_SIGN_IDENTITY[sdk=iphoneos*]" = "iPhone Developer";
				INFOPLIST_FILE = TableOfElements/Info.plist;
				IPHONEOS_DEPLOYMENT_TARGET = 9.2;
				LD_RUNPATH_SEARCH_PATHS = "$(inherited) @executable_path/Frameworks";
				PRODUCT_BUNDLE_IDENTIFIER = edu.cvtc.ios.TableOfElements;
				PRODUCT_NAME = "$(TARGET_NAME)";
				PROVISIONING_PROFILE = "";
				TARGETED_DEVICE_FAMILY = 2;
			};
			name = Release;
		};
/* End XCBuildConfiguration section */

/* Begin XCConfigurationList section */
		815DD3291C7B623F0047DC24 /* Build configuration list for PBXProject "TableOfElements" */ = {
			isa = XCConfigurationList;
			buildConfigurations = (
				815DD3411C7B623F0047DC24 /* Debug */,
				815DD3421C7B623F0047DC24 /* Release */,
			);
			defaultConfigurationIsVisible = 0;
			defaultConfigurationName = Release;
		};
		815DD3431C7B623F0047DC24 /* Build configuration list for PBXNativeTarget "TableOfElements" */ = {
			isa = XCConfigurationList;
			buildConfigurations = (
				815DD3441C7B623F0047DC24 /* Debug */,
				815DD3451C7B623F0047DC24 /* Release */,
			);
			defaultConfigurationIsVisible = 0;
			defaultConfigurationName = Release;
		};
/* End XCConfigurationList section */

/* Begin XCVersionGroup section */
		815DD3381C7B623F0047DC24 /* TableOfElements.xcdatamodeld */ = {
			isa = XCVersionGroup;
			children = (
				815DD3391C7B623F0047DC24 /* TableOfElements.xcdatamodel */,
			);
			currentVersion = 815DD3391C7B623F0047DC24 /* TableOfElements.xcdatamodel */;
			path = TableOfElements.xcdatamodeld;
			sourceTree = "<group>";
			versionGroupType = wrapper.xcdatamodel;
		};
/* End XCVersionGroup section */
	};
	rootObject = 815DD3261C7B623F0047DC24 /* Project object */;
}
